
Microsoft Visual Studio Solution File, Format Version 12.00
# Visual Studio 14
VisualStudioVersion = 14.0.25420.1
MinimumVisualStudioVersion = 10.0.40219.1
Project("{FAE04EC0-301F-11D3-BF4B-00C04F79EFBC}") = "CarCalc", "CarCalc\CarCalc.csproj", "{E53FBDFD-6A5C-4B06-9503-734BE7E5564C}"
EndProject
Project("{FAE04EC0-301F-11D3-BF4B-00C04F79EFBC}") = "TextTest", "TextTest\TextTest.csproj", "{50258E7A-6CC4-4CDF-9635-8944ABF6CCB6}"
EndProject
Project("{FAE04EC0-301F-11D3-BF4B-00C04F79EFBC}") = "Euroconverter", "Euroconverter\Euroconverter.csproj", "{1E113CBA-EE90-463F-8FDF-223F6DABC350}"
EndProject
Project("{FAE04EC0-301F-11D3-BF4B-00C04F79EFBC}") = "WindowApp", "WindowApp\WindowApp.csproj", "{708DC9C1-5B2B-4414-B0C8-FE12B1796445}"
EndProject
Global
	GlobalSection(SolutionConfigurationPlatforms) = preSolution
		Debug|Any CPU = Debug|Any CPU
		Debug|ARM = Debug|ARM
		Debug|x64 = Debug|x64
		Debug|x86 = Debug|x86
		Release|Any CPU = Release|Any CPU
		Release|ARM = Release|ARM
		Release|x64 = Release|x64
		Release|x86 = Release|x86
	EndGlobalSection
	GlobalSection(ProjectConfigurationPlatforms) = postSolution
		{E53FBDFD-6A5C-4B06-9503-734BE7E5564C}.Debug|Any CPU.ActiveCfg = Debug|x86
		{E53FBDFD-6A5C-4B06-9503-734BE7E5564C}.Debug|ARM.ActiveCfg = Debug|ARM
		{E53FBDFD-6A5C-4B06-9503-734BE7E5564C}.Debug|ARM.Build.0 = Debug|ARM
		{E53FBDFD-6A5C-4B06-9503-734BE7E5564C}.Debug|ARM.Deploy.0 = Debug|ARM
		{E53FBDFD-6A5C-4B06-9503-734BE7E5564C}.Debug|x64.ActiveCfg = Debug|x64
		{E53FBDFD-6A5C-4B06-9503-734BE7E5564C}.Debug|x64.Build.0 = Debug|x64
		{E53FBDFD-6A5C-4B06-9503-734BE7E5564C}.Debug|x64.Deploy.0 = Debug|x64
		{E53FBDFD-6A5C-4B06-9503-734BE7E5564C}.Debug|x86.ActiveCfg = Debug|x86
		{E53FBDFD-6A5C-4B06-9503-734BE7E5564C}.Debug|x86.Build.0 = Debug|x86
		{E53FBDFD-6A5C-4B06-9503-734BE7E5564C}.Debug|x86.Deploy.0 = Debug|x86
		{E53FBDFD-6A5C-4B06-9503-734BE7E5564C}.Release|Any CPU.ActiveCfg = Release|x86
		{E53FBDFD-6A5C-4B06-9503-734BE7E5564C}.Release|ARM.ActiveCfg = Release|ARM
		{E53FBDFD-6A5C-4B06-9503-734BE7E5564C}.Release|ARM.Build.0 = Release|ARM
		{E53FBDFD-6A5C-4B06-9503-734BE7E5564C}.Release|ARM.Deploy.0 = Release|ARM
		{E53FBDFD-6A5C-4B06-9503-734BE7E5564C}.Release|x64.ActiveCfg = Release|x64
		{E53FBDFD-6A5C-4B06-9503-734BE7E5564C}.Release|x64.Build.0 = Release|x64
		{E53FBDFD-6A5C-4B06-9503-734BE7E5564C}.Release|x64.Deploy.0 = Release|x64
		{E53FBDFD-6A5C-4B06-9503-734BE7E5564C}.Release|x86.ActiveCfg = Release|x86
		{E53FBDFD-6A5C-4B06-9503-734BE7E5564C}.Release|x86.Build.0 = Release|x86
		{E53FBDFD-6A5C-4B06-9503-734BE7E5564C}.Release|x86.Deploy.0 = Release|x86
		{50258E7A-6CC4-4CDF-9635-8944ABF6CCB6}.Debug|Any CPU.ActiveCfg = Debug|Any CPU
		{50258E7A-6CC4-4CDF-9635-8944ABF6CCB6}.Debug|Any CPU.Build.0 = Debug|Any CPU
		{50258E7A-6CC4-4CDF-9635-8944ABF6CCB6}.Debug|ARM.ActiveCfg = Debug|Any CPU
		{50258E7A-6CC4-4CDF-9635-8944ABF6CCB6}.Debug|ARM.Build.0 = Debug|Any CPU
		{50258E7A-6CC4-4CDF-9635-8944ABF6CCB6}.Debug|x64.ActiveCfg = Debug|Any CPU
		{50258E7A-6CC4-4CDF-9635-8944ABF6CCB6}.Debug|x64.Build.0 = Debug|Any CPU
		{50258E7A-6CC4-4CDF-9635-8944ABF6CCB6}.Debug|x86.ActiveCfg = Debug|Any CPU
		{50258E7A-6CC4-4CDF-9635-8944ABF6CCB6}.Debug|x86.Build.0 = Debug|Any CPU
		{50258E7A-6CC4-4CDF-9635-8944ABF6CCB6}.Release|Any CPU.ActiveCfg = Release|Any CPU
		{50258E7A-6CC4-4CDF-9635-8944ABF6CCB6}.Release|Any CPU.Build.0 = Release|Any CPU
		{50258E7A-6CC4-4CDF-9635-8944ABF6CCB6}.Release|ARM.ActiveCfg = Release|Any CPU
		{50258E7A-6CC4-4CDF-9635-8944ABF6CCB6}.Release|ARM.Build.0 = Release|Any CPU
		{50258E7A-6CC4-4CDF-9635-8944ABF6CCB6}.Release|x64.ActiveCfg = Release|Any CPU
		{50258E7A-6CC4-4CDF-9635-8944ABF6CCB6}.Release|x64.Build.0 = Release|Any CPU
		{50258E7A-6CC4-4CDF-9635-8944ABF6CCB6}.Release|x86.ActiveCfg = Release|Any CPU
		{50258E7A-6CC4-4CDF-9635-8944ABF6CCB6}.Release|x86.Build.0 = Release|Any CPU
		{1E113CBA-EE90-463F-8FDF-223F6DABC350}.Debug|Any CPU.ActiveCfg = Debug|x86
		{1E113CBA-EE90-463F-8FDF-223F6DABC350}.Debug|ARM.ActiveCfg = Debug|ARM
		{1E113CBA-EE90-463F-8FDF-223F6DABC350}.Debug|ARM.Build.0 = Debug|ARM
		{1E113CBA-EE90-463F-8FDF-223F6DABC350}.Debug|ARM.Deploy.0 = Debug|ARM
		{1E113CBA-EE90-463F-8FDF-223F6DABC350}.Debug|x64.ActiveCfg = Debug|x64
		{1E113CBA-EE90-463F-8FDF-223F6DABC350}.Debug|x64.Build.0 = Debug|x64
		{1E113CBA-EE90-463F-8FDF-223F6DABC350}.Debug|x64.Deploy.0 = Debug|x64
		{1E113CBA-EE90-463F-8FDF-223F6DABC350}.Debug|x86.ActiveCfg = Debug|x86
		{1E113CBA-EE90-463F-8FDF-223F6DABC350}.Debug|x86.Build.0 = Debug|x86
		{1E113CBA-EE90-463F-8FDF-223F6DABC350}.Debug|x86.Deploy.0 = Debug|x86
		{1E113CBA-EE90-463F-8FDF-223F6DABC350}.Release|Any CPU.ActiveCfg = Release|x86
		{1E113CBA-EE90-463F-8FDF-223F6DABC350}.Release|ARM.ActiveCfg = Release|ARM
		{1E113CBA-EE90-463F-8FDF-223F6DABC350}.Release|ARM.Build.0 = Release|ARM
		{1E113CBA-EE90-463F-8FDF-223F6DABC350}.Release|ARM.Deploy.0 = Release|ARM
		{1E113CBA-EE90-463F-8FDF-223F6DABC350}.Release|x64.ActiveCfg = Release|x64
		{1E113CBA-EE90-463F-8FDF-223F6DABC350}.Release|x64.Build.0 = Release|x64
		{1E113CBA-EE90-463F-8FDF-223F6DABC350}.Release|x64.Deploy.0 = Release|x64
		{1E113CBA-EE90-463F-8FDF-223F6DABC350}.Release|x86.ActiveCfg = Release|x86
		{1E113CBA-EE90-463F-8FDF-223F6DABC350}.Release|x86.Build.0 = Release|x86
		{1E113CBA-EE90-463F-8FDF-223F6DABC350}.Release|x86.Deploy.0 = Release|x86
		{708DC9C1-5B2B-4414-B0C8-FE12B1796445}.Debug|Any CPU.ActiveCfg = Debug|x86
		{708DC9C1-5B2B-4414-B0C8-FE12B1796445}.Debug|ARM.ActiveCfg = Debug|ARM
		{708DC9C1-5B2B-4414-B0C8-FE12B1796445}.Debug|ARM.Build.0 = Debug|ARM
		{708DC9C1-5B2B-4414-B0C8-FE12B1796445}.Debug|ARM.Deploy.0 = Debug|ARM
		{708DC9C1-5B2B-4414-B0C8-FE12B1796445}.Debug|x64.ActiveCfg = Debug|x64
		{708DC9C1-5B2B-4414-B0C8-FE12B1796445}.Debug|x64.Build.0 = Debug|x64
		{708DC9C1-5B2B-4414-B0C8-FE12B1796445}.Debug|x64.Deploy.0 = Debug|x64
		{708DC9C1-5B2B-4414-B0C8-FE12B1796445}.Debug|x86.ActiveCfg = Debug|x86
		{708DC9C1-5B2B-4414-B0C8-FE12B1796445}.Debug|x86.Build.0 = Debug|x86
		{708DC9C1-5B2B-4414-B0C8-FE12B1796445}.Debug|x86.Deploy.0 = Debug|x86
		{708DC9C1-5B2B-4414-B0C8-FE12B1796445}.Release|Any CPU.ActiveCfg = Release|x86
		{708DC9C1-5B2B-4414-B0C8-FE12B1796445}.Release|ARM.ActiveCfg = Release|ARM
		{708DC9C1-5B2B-4414-B0C8-FE12B1796445}.Release|ARM.Build.0 = Release|ARM
		{708DC9C1-5B2B-4414-B0C8-FE12B1796445}.Release|ARM.Deploy.0 = Release|ARM
		{708DC9C1-5B2B-4414-B0C8-FE12B1796445}.Release|x64.ActiveCfg = Release|x64
		{708DC9C1-5B2B-4414-B0C8-FE12B1796445}.Release|x64.Build.0 = Release|x64
		{708DC9C1-5B2B-4414-B0C8-FE12B1796445}.Release|x64.Deploy.0 = Release|x64
		{708DC9C1-5B2B-4414-B0C8-FE12B1796445}.Release|x86.ActiveCfg = Release|x86
		{708DC9C1-5B2B-4414-B0C8-FE12B1796445}.Release|x86.Build.0 = Release|x86
		{708DC9C1-5B2B-4414-B0C8-FE12B1796445}.Release|x86.Deploy.0 = Release|x86
	EndGlobalSection
	GlobalSection(SolutionProperties) = preSolution
		HideSolutionNode = FALSE
	EndGlobalSection
EndGlobal
